
Microsoft Visual Studio Solution File, Format Version 12.00
# Visual Studio 2013
VisualStudioVersion = 12.0.30723.0
MinimumVisualStudioVersion = 10.0.40219.1
Project("{FAE04EC0-301F-11D3-BF4B-00C04F79EFBC}") = "EntityFramework.BulkExtensions", "EntityFramework.BulkExtensions\EntityFramework.BulkExtensions.csproj", "{5D0E5967-3505-48FD-AA81-3868777EB7E3}"
EndProject
Project("{FAE04EC0-301F-11D3-BF4B-00C04F79EFBC}") = "EntityFrameworkBulkExtensions.Tests", "EntityFramework.BulkExtensions.Tests\EntityFramework.BulkExtensions.Tests.csproj", "{FC10B864-557E-4715-8B7A-64DEF85BE7C1}"
EndProject
Global
	GlobalSection(SolutionConfigurationPlatforms) = preSolution
		Debug|Any CPU = Debug|Any CPU
		Release|Any CPU = Release|Any CPU
	EndGlobalSection
	GlobalSection(ProjectConfigurationPlatforms) = postSolution
		{5D0E5967-3505-48FD-AA81-3868777EB7E3}.Debug|Any CPU.ActiveCfg = Debug|Any CPU
		{5D0E5967-3505-48FD-AA81-3868777EB7E3}.Debug|Any CPU.Build.0 = Debug|Any CPU
		{5D0E5967-3505-48FD-AA81-3868777EB7E3}.Release|Any CPU.ActiveCfg = Release|Any CPU
		{5D0E5967-3505-48FD-AA81-3868777EB7E3}.Release|Any CPU.Build.0 = Release|Any CPU
		{FC10B864-557E-4715-8B7A-64DEF85BE7C1}.Debug|Any CPU.ActiveCfg = Debug|Any CPU
		{FC10B864-557E-4715-8B7A-64DEF85BE7C1}.Debug|Any CPU.Build.0 = Debug|Any CPU
		{FC10B864-557E-4715-8B7A-64DEF85BE7C1}.Release|Any CPU.ActiveCfg = Release|Any CPU
		{FC10B864-557E-4715-8B7A-64DEF85BE7C1}.Release|Any CPU.Build.0 = Release|Any CPU
	EndGlobalSection
	GlobalSection(SolutionProperties) = preSolution
		HideSolutionNode = FALSE
	EndGlobalSection
EndGlobal
